// !$*UTF8*$!
{
	archiveVersion = 1;
	classes = {
	};
	objectVersion = 56;
	objects = {

/* Begin PBXBuildFile section */
		649FCAB82A4C871E00C59468 /* AppDelegate.swift in Sources */ = {isa = PBXBuildFile; fileRef = 649FCAB72A4C871E00C59468 /* AppDelegate.swift */; };
		649FCABA2A4C871E00C59468 /* SceneDelegate.swift in Sources */ = {isa = PBXBuildFile; fileRef = 649FCAB92A4C871E00C59468 /* SceneDelegate.swift */; };
		649FCABC2A4C871E00C59468 /* ViewController.swift in Sources */ = {isa = PBXBuildFile; fileRef = 649FCABB2A4C871E00C59468 /* ViewController.swift */; };
		649FCABF2A4C871E00C59468 /* Main.storyboard in Resources */ = {isa = PBXBuildFile; fileRef = 649FCABD2A4C871E00C59468 /* Main.storyboard */; };
		649FCAC12A4C871F00C59468 /* Assets.xcassets in Resources */ = {isa = PBXBuildFile; fileRef = 649FCAC02A4C871F00C59468 /* Assets.xcassets */; };
		649FCAC42A4C871F00C59468 /* LaunchScreen.storyboard in Resources */ = {isa = PBXBuildFile; fileRef = 649FCAC22A4C871F00C59468 /* LaunchScreen.storyboard */; };
		649FCACD2A4C874200C59468 /* LeavesDiagram in Frameworks */ = {isa = PBXBuildFile; productRef = 649FCACC2A4C874200C59468 /* LeavesDiagram */; };
/* End PBXBuildFile section */

/* Begin PBXFileReference section */
		649FCAB42A4C871E00C59468 /* LeavesDiagramExample.app */ = {isa = PBXFileReference; explicitFileType = wrapper.application; includeInIndex = 0; path = LeavesDiagramExample.app; sourceTree = BUILT_PRODUCTS_DIR; };
		649FCAB72A4C871E00C59468 /* AppDelegate.swift */ = {isa = PBXFileReference; lastKnownFileType = sourcecode.swift; path = AppDelegate.swift; sourceTree = "<group>"; };
		649FCAB92A4C871E00C59468 /* SceneDelegate.swift */ = {isa = PBXFileReference; lastKnownFileType = sourcecode.swift; path = SceneDelegate.swift; sourceTree = "<group>"; };
		649FCABB2A4C871E00C59468 /* ViewController.swift */ = {isa = PBXFileReference; lastKnownFileType = sourcecode.swift; path = ViewController.swift; sourceTree = "<group>"; };
		649FCABE2A4C871E00C59468 /* Base */ = {isa = PBXFileReference; lastKnownFileType = file.storyboard; name = Base; path = Base.lproj/Main.storyboard; sourceTree = "<group>"; };
		649FCAC02A4C871F00C59468 /* Assets.xcassets */ = {isa = PBXFileReference; lastKnownFileType = folder.assetcatalog; path = Assets.xcassets; sourceTree = "<group>"; };
		649FCAC32A4C871F00C59468 /* Base */ = {isa = PBXFileReference; lastKnownFileType = file.storyboard; name = Base; path = Base.lproj/LaunchScreen.storyboard; sourceTree = "<group>"; };
		649FCAC52A4C871F00C59468 /* Info.plist */ = {isa = PBXFileReference; lastKnownFileType = text.plist.xml; path = Info.plist; sourceTree = "<group>"; };
		C131D88951873612BFF03E65 /* Pods_LeavesDiagramExample.framework */ = {isa = PBXFileReference; explicitFileType = wrapper.framework; includeInIndex = 0; path = Pods_LeavesDiagramExample.framework; sourceTree = BUILT_PRODUCTS_DIR; };
/* End PBXFileReference section */

/* Begin PBXFrameworksBuildPhase section */
		649FCAB12A4C871E00C59468 /* Frameworks */ = {
			isa = PBXFrameworksBuildPhase;
			buildActionMask = 2147483647;
			files = (
				649FCACD2A4C874200C59468 /* LeavesDiagram in Frameworks */,
			);
			runOnlyForDeploymentPostprocessing = 0;
		};
/* End PBXFrameworksBuildPhase section */

/* Begin PBXGroup section */
		1BA26D1F63BBADF0B2A86D80 /* Frameworks */ = {
			isa = PBXGroup;
			children = (
				C131D88951873612BFF03E65 /* Pods_LeavesDiagramExample.framework */,
			);
			name = Frameworks;
			sourceTree = "<group>";
		};
		649FCAAB2A4C871E00C59468 = {
			isa = PBXGroup;
			children = (
				649FCAB62A4C871E00C59468 /* LeavesDiagramExample */,
				649FCAB52A4C871E00C59468 /* Products */,
				1BA26D1F63BBADF0B2A86D80 /* Frameworks */,
			);
			sourceTree = "<group>";
		};
		649FCAB52A4C871E00C59468 /* Products */ = {
			isa = PBXGroup;
			children = (
				649FCAB42A4C871E00C59468 /* LeavesDiagramExample.app */,
			);
			name = Products;
			sourceTree = "<group>";
		};
		649FCAB62A4C871E00C59468 /* LeavesDiagramExample */ = {
			isa = PBXGroup;
			children = (
				649FCAB72A4C871E00C59468 /* AppDelegate.swift */,
				649FCAB92A4C871E00C59468 /* SceneDelegate.swift */,
				649FCABB2A4C871E00C59468 /* ViewController.swift */,
				649FCABD2A4C871E00C59468 /* Main.storyboard */,
				649FCAC02A4C871F00C59468 /* Assets.xcassets */,
				649FCAC22A4C871F00C59468 /* LaunchScreen.storyboard */,
				649FCAC52A4C871F00C59468 /* Info.plist */,
			);
			path = LeavesDiagramExample;
			sourceTree = "<group>";
		};
/* End PBXGroup section */

/* Begin PBXNativeTarget section */
		649FCAB32A4C871E00C59468 /* LeavesDiagramExample */ = {
			isa = PBXNativeTarget;
			buildConfigurationList = 649FCAC82A4C871F00C59468 /* Build configuration list for PBXNativeTarget "LeavesDiagramExample" */;
			buildPhases = (
				649FCAB02A4C871E00C59468 /* Sources */,
				649FCAB12A4C871E00C59468 /* Frameworks */,
				649FCAB22A4C871E00C59468 /* Resources */,
			);
			buildRules = (
			);
			dependencies = (
			);
			name = LeavesDiagramExample;
			packageProductDependencies = (
				649FCACC2A4C874200C59468 /* LeavesDiagram */,
			);
			productName = LeavesDiagramExample;
			productReference = 649FCAB42A4C871E00C59468 /* LeavesDiagramExample.app */;
			productType = "com.apple.product-type.application";
		};
/* End PBXNativeTarget section */

/* Begin PBXProject section */
		649FCAAC2A4C871E00C59468 /* Project object */ = {
			isa = PBXProject;
			attributes = {
				BuildIndependentTargetsInParallel = 1;
				LastSwiftUpdateCheck = 1430;
				LastUpgradeCheck = 1430;
				TargetAttributes = {
					649FCAB32A4C871E00C59468 = {
						CreatedOnToolsVersion = 14.3;
					};
				};
			};
			buildConfigurationList = 649FCAAF2A4C871E00C59468 /* Build configuration list for PBXProject "LeavesDiagramExample" */;
			compatibilityVersion = "Xcode 14.0";
			developmentRegion = en;
			hasScannedForEncodings = 0;
			knownRegions = (
				en,
				Base,
			);
			mainGroup = 649FCAAB2A4C871E00C59468;
			packageReferences = (
				649FCACB2A4C874200C59468 /* XCRemoteSwiftPackageReference "LeavesDiagram" */,
			);
			productRefGroup = 649FCAB52A4C871E00C59468 /* Products */;
			projectDirPath = "";
			projectRoot = "";
			targets = (
				649FCAB32A4C871E00C59468 /* LeavesDiagramExample */,
			);
		};
/* End PBXProject section */

/* Begin PBXResourcesBuildPhase section */
		649FCAB22A4C871E00C59468 /* Resources */ = {
			isa = PBXResourcesBuildPhase;
			buildActionMask = 2147483647;
			files = (
				649FCAC42A4C871F00C59468 /* LaunchScreen.storyboard in Resources */,
				649FCAC12A4C871F00C59468 /* Assets.xcassets in Resources */,
				649FCABF2A4C871E00C59468 /* Main.storyboard in Resources */,
			);
			runOnlyForDeploymentPostprocessing = 0;
		};
/* End PBXResourcesBuildPhase section */

/* Begin PBXSourcesBuildPhase section */
		649FCAB02A4C871E00C59468 /* Sources */ = {
			isa = PBXSourcesBuildPhase;
			buildActionMask = 2147483647;
			files = (
				649FCABC2A4C871E00C59468 /* ViewController.swift in Sources */,
				649FCAB82A4C871E00C59468 /* AppDelegate.swift in Sources */,
				649FCABA2A4C871E00C59468 /* SceneDelegate.swift in Sources */,
			);
			runOnlyForDeploymentPostprocessing = 0;
		};
/* End PBXSourcesBuildPhase section */

/* Begin PBXVariantGroup section */
		649FCABD2A4C871E00C59468 /* Main.storyboard */ = {
			isa = PBXVariantGroup;
			children = (
				649FCABE2A4C871E00C59468 /* Base */,
			);
			name = Main.storyboard;
			sourceTree = "<group>";
		};
		649FCAC22A4C871F00C59468 /* LaunchScreen.storyboard */ = {
			isa = PBXVariantGroup;
			children = (
				649FCAC32A4C871F00C59468 /* Base */,
			);
			name = LaunchScreen.storyboard;
			sourceTree = "<group>";
		};
/* End PBXVariantGroup section */

/* Begin XCBuildConfiguration section */
		649FCAC62A4C871F00C59468 /* Debug */ = {
			isa = XCBuildConfiguration;
			buildSettings = {
				ALWAYS_SEARCH_USER_PATHS = NO;
				CLANG_ANALYZER_NONNULL = YES;
				CLANG_ANALYZER_NUMBER_OBJECT_CONVERSION = YES_AGGRESSIVE;
				CLANG_CXX_LANGUAGE_STANDARD = "gnu++20";
				CLANG_ENABLE_MODULES = YES;
				CLANG_ENABLE_OBJC_ARC = YES;
				CLANG_ENABLE_OBJC_WEAK = YES;
				CLANG_WARN_BLOCK_CAPTURE_AUTORELEASING = YES;
				CLANG_WARN_BOOL_CONVERSION = YES;
				CLANG_WARN_COMMA = YES;
				CLANG_WARN_CONSTANT_CONVERSION = YES;
				CLANG_WARN_DEPRECATED_OBJC_IMPLEMENTATIONS = YES;
				CLANG_WARN_DIRECT_OBJC_ISA_USAGE = YES_ERROR;
				CLANG_WARN_DOCUMENTATION_COMMENTS = YES;
				CLANG_WARN_EMPTY_BODY = YES;
				CLANG_WARN_ENUM_CONVERSION = YES;
				CLANG_WARN_INFINITE_RECURSION = YES;
				CLANG_WARN_INT_CONVERSION = YES;
				CLANG_WARN_NON_LITERAL_NULL_CONVERSION = YES;
				CLANG_WARN_OBJC_IMPLICIT_RETAIN_SELF = YES;
				CLANG_WARN_OBJC_LITERAL_CONVERSION = YES;
				CLANG_WARN_OBJC_ROOT_CLASS = YES_ERROR;
				CLANG_WARN_QUOTED_INCLUDE_IN_FRAMEWORK_HEADER = YES;
				CLANG_WARN_RANGE_LOOP_ANALYSIS = YES;
				CLANG_WARN_STRICT_PROTOTYPES = YES;
				CLANG_WARN_SUSPICIOUS_MOVE = YES;
				CLANG_WARN_UNGUARDED_AVAILABILITY = YES_AGGRESSIVE;
				CLANG_WARN_UNREACHABLE_CODE = YES;
				CLANG_WARN__DUPLICATE_METHOD_MATCH = YES;
				COPY_PHASE_STRIP = NO;
				DEBUG_INFORMATION_FORMAT = dwarf;
				ENABLE_STRICT_OBJC_MSGSEND = YES;
				ENABLE_TESTABILITY = YES;
				GCC_C_LANGUAGE_STANDARD = gnu11;
				GCC_DYNAMIC_NO_PIC = NO;
				GCC_NO_COMMON_BLOCKS = YES;
				GCC_OPTIMIZATION_LEVEL = 0;
				GCC_PREPROCESSOR_DEFINITIONS = (
					"DEBUG=1",
					"$(inherited)",
				);
				GCC_WARN_64_TO_32_BIT_CONVERSION = YES;
				GCC_WARN_ABOUT_RETURN_TYPE = YES_ERROR;
				GCC_WARN_UNDECLARED_SELECTOR = YES;
				GCC_WARN_UNINITIALIZED_AUTOS = YES_AGGRESSIVE;
				GCC_WARN_UNUSED_FUNCTION = YES;
				GCC_WARN_UNUSED_VARIABLE = YES;
				IPHONEOS_DEPLOYMENT_TARGET = 13.0;
				MTL_ENABLE_DEBUG_INFO = INCLUDE_SOURCE;
				MTL_FAST_MATH = YES;
				ONLY_ACTIVE_ARCH = YES;
				SDKROOT = iphoneos;
				SWIFT_ACTIVE_COMPILATION_CONDITIONS = DEBUG;
				SWIFT_OPTIMIZATION_LEVEL = "-Onone";
			};
			name = Debug;
		};
		649FCAC72A4C871F00C59468 /* Release */ = {
			isa = XCBuildConfiguration;
			buildSettings = {
				ALWAYS_SEARCH_USER_PATHS = NO;
				CLANG_ANALYZER_NONNULL = YES;
				CLANG_ANALYZER_NUMBER_OBJECT_CONVERSION = YES_AGGRESSIVE;
				CLANG_CXX_LANGUAGE_STANDARD = "gnu++20";
				CLANG_ENABLE_MODULES = YES;
				CLANG_ENABLE_OBJC_ARC = YES;
				CLANG_ENABLE_OBJC_WEAK = YES;
				CLANG_WARN_BLOCK_CAPTURE_AUTORELEASING = YES;
				CLANG_WARN_BOOL_CONVERSION = YES;
				CLANG_WARN_COMMA = YES;
				CLANG_WARN_CONSTANT_CONVERSION = YES;
				CLANG_WARN_DEPRECATED_OBJC_IMPLEMENTATIONS = YES;
				CLANG_WARN_DIRECT_OBJC_ISA_USAGE = YES_ERROR;
				CLANG_WARN_DOCUMENTATION_COMMENTS = YES;
				CLANG_WARN_EMPTY_BODY = YES;
				CLANG_WARN_ENUM_CONVERSION = YES;
				CLANG_WARN_INFINITE_RECURSION = YES;
				CLANG_WARN_INT_CONVERSION = YES;
				CLANG_WARN_NON_LITERAL_NULL_CONVERSION = YES;
				CLANG_WARN_OBJC_IMPLICIT_RETAIN_SELF = YES;
				CLANG_WARN_OBJC_LITERAL_CONVERSION = YES;
				CLANG_WARN_OBJC_ROOT_CLASS = YES_ERROR;
				CLANG_WARN_QUOTED_INCLUDE_IN_FRAMEWORK_HEADER = YES;
				CLANG_WARN_RANGE_LOOP_ANALYSIS = YES;
				CLANG_WARN_STRICT_PROTOTYPES = YES;
				CLANG_WARN_SUSPICIOUS_MOVE = YES;
				CLANG_WARN_UNGUARDED_AVAILABILITY = YES_AGGRESSIVE;
				CLANG_WARN_UNREACHABLE_CODE = YES;
				CLANG_WARN__DUPLICATE_METHOD_MATCH = YES;
				COPY_PHASE_STRIP = NO;
				DEBUG_INFORMATION_FORMAT = "dwarf-with-dsym";
				ENABLE_NS_ASSERTIONS = NO;
				ENABLE_STRICT_OBJC_MSGSEND = YES;
				GCC_C_LANGUAGE_STANDARD = gnu11;
				GCC_NO_COMMON_BLOCKS = YES;
				GCC_WARN_64_TO_32_BIT_CONVERSION = YES;
				GCC_WARN_ABOUT_RETURN_TYPE = YES_ERROR;
				GCC_WARN_UNDECLARED_SELECTOR = YES;
				GCC_WARN_UNINITIALIZED_AUTOS = YES_AGGRESSIVE;
				GCC_WARN_UNUSED_FUNCTION = YES;
				GCC_WARN_UNUSED_VARIABLE = YES;
				IPHONEOS_DEPLOYMENT_TARGET = 13.0;
				MTL_ENABLE_DEBUG_INFO = NO;
				MTL_FAST_MATH = YES;
				SDKROOT = iphoneos;
				SWIFT_COMPILATION_MODE = wholemodule;
				SWIFT_OPTIMIZATION_LEVEL = "-O";
				VALIDATE_PRODUCT = YES;
			};
			name = Release;
		};
		649FCAC92A4C871F00C59468 /* Debug */ = {
			isa = XCBuildConfiguration;
			buildSettings = {
				ASSETCATALOG_COMPILER_APPICON_NAME = AppIcon;
				ASSETCATALOG_COMPILER_GLOBAL_ACCENT_COLOR_NAME = AccentColor;
				CODE_SIGN_STYLE = Automatic;
				CURRENT_PROJECT_VERSION = 1;
				DEVELOPMENT_TEAM = CE6985U2L5;
				GENERATE_INFOPLIST_FILE = YES;
				INFOPLIST_FILE = LeavesDiagramExample/Info.plist;
				INFOPLIST_KEY_UIApplicationSupportsIndirectInputEvents = YES;
				INFOPLIST_KEY_UILaunchStoryboardName = LaunchScreen;
				INFOPLIST_KEY_UIMainStoryboardFile = Main;
				INFOPLIST_KEY_UISupportedInterfaceOrientations_iPad = "UIInterfaceOrientationPortrait UIInterfaceOrientationPortraitUpsideDown UIInterfaceOrientationLandscapeLeft UIInterfaceOrientationLandscapeRight";
				INFOPLIST_KEY_UISupportedInterfaceOrientations_iPhone = "UIInterfaceOrientationPortrait UIInterfaceOrientationLandscapeLeft UIInterfaceOrientationLandscapeRight";
				LD_RUNPATH_SEARCH_PATHS = (
					"$(inherited)",
					"@executable_path/Frameworks",
				);
				MARKETING_VERSION = 1.0;
				PRODUCT_BUNDLE_IDENTIFIER = com.josshad.LeavesDiagramExample;
				PRODUCT_NAME = "$(TARGET_NAME)";
				SWIFT_EMIT_LOC_STRINGS = YES;
				SWIFT_VERSION = 5.0;
				TARGETED_DEVICE_FAMILY = "1,2";
			};
			name = Debug;
		};
		649FCACA2A4C871F00C59468 /* Release */ = {
			isa = XCBuildConfiguration;
			buildSettings = {
				ASSETCATALOG_COMPILER_APPICON_NAME = AppIcon;
				ASSETCATALOG_COMPILER_GLOBAL_ACCENT_COLOR_NAME = AccentColor;
				CODE_SIGN_STYLE = Automatic;
				CURRENT_PROJECT_VERSION = 1;
				DEVELOPMENT_TEAM = CE6985U2L5;
				GENERATE_INFOPLIST_FILE = YES;
				INFOPLIST_FILE = LeavesDiagramExample/Info.plist;
				INFOPLIST_KEY_UIApplicationSupportsIndirectInputEvents = YES;
				INFOPLIST_KEY_UILaunchStoryboardName = LaunchScreen;
				INFOPLIST_KEY_UIMainStoryboardFile = Main;
				INFOPLIST_KEY_UISupportedInterfaceOrientations_iPad = "UIInterfaceOrientationPortrait UIInterfaceOrientationPortraitUpsideDown UIInterfaceOrientationLandscapeLeft UIInterfaceOrientationLandscapeRight";
				INFOPLIST_KEY_UISupportedInterfaceOrientations_iPhone = "UIInterfaceOrientationPortrait UIInterfaceOrientationLandscapeLeft UIInterfaceOrientationLandscapeRight";
				LD_RUNPATH_SEARCH_PATHS = (
					"$(inherited)",
					"@executable_path/Frameworks",
				);
				MARKETING_VERSION = 1.0;
				PRODUCT_BUNDLE_IDENTIFIER = com.josshad.LeavesDiagramExample;
				PRODUCT_NAME = "$(TARGET_NAME)";
				SWIFT_EMIT_LOC_STRINGS = YES;
				SWIFT_VERSION = 5.0;
				TARGETED_DEVICE_FAMILY = "1,2";
			};
			name = Release;
		};
/* End XCBuildConfiguration section */

/* Begin XCConfigurationList section */
		649FCAAF2A4C871E00C59468 /* Build configuration list for PBXProject "LeavesDiagramExample" */ = {
			isa = XCConfigurationList;
			buildConfigurations = (
				649FCAC62A4C871F00C59468 /* Debug */,
				649FCAC72A4C871F00C59468 /* Release */,
			);
			defaultConfigurationIsVisible = 0;
			defaultConfigurationName = Release;
		};
		649FCAC82A4C871F00C59468 /* Build configuration list for PBXNativeTarget "LeavesDiagramExample" */ = {
			isa = XCConfigurationList;
			buildConfigurations = (
				649FCAC92A4C871F00C59468 /* Debug */,
				649FCACA2A4C871F00C59468 /* Release */,
			);
			defaultConfigurationIsVisible = 0;
			defaultConfigurationName = Release;
		};
/* End XCConfigurationList section */

/* Begin XCRemoteSwiftPackageReference section */
		649FCACB2A4C874200C59468 /* XCRemoteSwiftPackageReference "LeavesDiagram" */ = {
			isa = XCRemoteSwiftPackageReference;
			repositoryURL = "git@github.com:josshad/LeavesDiagram.git";
			requirement = {
				branch = main;
				kind = branch;
			};
		};
/* End XCRemoteSwiftPackageReference section */

/* Begin XCSwiftPackageProductDependency section */
		649FCACC2A4C874200C59468 /* LeavesDiagram */ = {
			isa = XCSwiftPackageProductDependency;
			package = 649FCACB2A4C874200C59468 /* XCRemoteSwiftPackageReference "LeavesDiagram" */;
			productName = LeavesDiagram;
		};
/* End XCSwiftPackageProductDependency section */
	};
	rootObject = 649FCAAC2A4C871E00C59468 /* Project object */;
}
